
Microsoft Visual Studio Solution File, Format Version 12.00
# Visual Studio Version 16
VisualStudioVersion = 16.0.810.10
MinimumVisualStudioVersion = 10.0.40219.1
Project("{9A19103F-16F7-4668-BE54-9A1E7A4F7556}") = "BevobnbTeam30", "BevobnbTeam30\BevobnbTeam30.csproj", "{CF129684-C71F-4133-9AA6-D635A703FA06}"
EndProject
Project("{9A19103F-16F7-4668-BE54-9A1E7A4F7556}") = "Adepoju_Eri-Ife_HW4", "..\..\Adepoju_Eri-Ife_HW4\Adepoju_Eri-Ife_HW4\Adepoju_Eri-Ife_HW4.csproj", "{01D71E03-BE4A-4A0E-8BAB-DC03A7F39D9D}"
EndProject
Project("{9A19103F-16F7-4668-BE54-9A1E7A4F7556}") = "Adepoju_Eri-Ife_HW3", "..\..\Adepoju_Eri-Ife_HW3\Adepoju_Eri-Ife_HW3\Adepoju_Eri-Ife_HW3.csproj", "{087655A0-8FD9-4787-9307-B984592B731D}"
EndProject
Global
	GlobalSection(SolutionConfigurationPlatforms) = preSolution
		Debug|Any CPU = Debug|Any CPU
		Release|Any CPU = Release|Any CPU
	EndGlobalSection
	GlobalSection(ProjectConfigurationPlatforms) = postSolution
		{CF129684-C71F-4133-9AA6-D635A703FA06}.Debug|Any CPU.ActiveCfg = Debug|Any CPU
		{CF129684-C71F-4133-9AA6-D635A703FA06}.Debug|Any CPU.Build.0 = Debug|Any CPU
		{CF129684-C71F-4133-9AA6-D635A703FA06}.Release|Any CPU.ActiveCfg = Release|Any CPU
		{CF129684-C71F-4133-9AA6-D635A703FA06}.Release|Any CPU.Build.0 = Release|Any CPU
		{01D71E03-BE4A-4A0E-8BAB-DC03A7F39D9D}.Debug|Any CPU.ActiveCfg = Debug|Any CPU
		{01D71E03-BE4A-4A0E-8BAB-DC03A7F39D9D}.Debug|Any CPU.Build.0 = Debug|Any CPU
		{01D71E03-BE4A-4A0E-8BAB-DC03A7F39D9D}.Release|Any CPU.ActiveCfg = Release|Any CPU
		{01D71E03-BE4A-4A0E-8BAB-DC03A7F39D9D}.Release|Any CPU.Build.0 = Release|Any CPU
		{087655A0-8FD9-4787-9307-B984592B731D}.Debug|Any CPU.ActiveCfg = Debug|Any CPU
		{087655A0-8FD9-4787-9307-B984592B731D}.Debug|Any CPU.Build.0 = Debug|Any CPU
		{087655A0-8FD9-4787-9307-B984592B731D}.Release|Any CPU.ActiveCfg = Release|Any CPU
		{087655A0-8FD9-4787-9307-B984592B731D}.Release|Any CPU.Build.0 = Release|Any CPU
	EndGlobalSection
	GlobalSection(SolutionProperties) = preSolution
		HideSolutionNode = FALSE
	EndGlobalSection
	GlobalSection(ExtensibilityGlobals) = postSolution
		SolutionGuid = {94E70E04-8232-4B1C-B28A-045C7AF063E0}
	EndGlobalSection
EndGlobal
